{
  "nodes": {
    "devenv": {
      "locked": {
        "dir": "src/modules",
        "lastModified": 1774261302,
        "narHash": "sha256-P5noO+IXXDBL7l8dEVcig94OXfzLiN1K1KT0COjPcTU=",
        "owner": "cachix",
        "repo": "devenv",
        "rev": "406f2ed97937995234c5d3de43cf77f31c42ca2b",
        "type": "github"
      },
      "original": {
        "dir": "src/modules",
        "owner": "cachix",
        "repo": "devenv",
        "type": "github"
      }
    },
    "idxd-config": {
      "flake": false,
      "locked": {
        "lastModified": 1753977205,
        "narHash": "sha256-uV6cOha+g5fZBq+ucrNmfUW+3gQzX9BKGYvYaeCYv40=",
        "owner": "intel",
        "repo": "idxd-config",
        "rev": "b78f65f5d342643815124d36a52023fda4a945e3",
        "type": "github"
      },
      "original": {
        "owner": "intel",
        "repo": "idxd-config",
        "type": "github"
      }
    },
    "nixpkgs": {
      "inputs": {
        "nixpkgs-src": "nixpkgs-src"
      },
      "locked": {
        "lastModified": 1774287239,
        "narHash": "sha256-W3krsWcDwYuA3gPWsFA24YAXxOFUL6iIlT6IknAoNSE=",
        "owner": "cachix",
        "repo": "devenv-nixpkgs",
        "rev": "fa7125ea7f1ae5430010a6e071f68375a39bd24c",
        "type": "github"
      },
      "original": {
        "owner": "cachix",
        "ref": "rolling",
        "repo": "devenv-nixpkgs",
        "type": "github"
      }
    },
    "nixpkgs-src": {
      "flake": false,
      "locked": {
        "lastModified": 1773840656,
        "narHash": "sha256-9tpvMGFteZnd3gRQZFlRCohVpqooygFuy9yjuyRL2C0=",
        "owner": "NixOS",
        "repo": "nixpkgs",
        "rev": "9cf7092bdd603554bd8b63c216e8943cf9b12512",
        "type": "github"
      },
      "original": {
        "owner": "NixOS",
        "ref": "nixpkgs-unstable",
        "repo": "nixpkgs",
        "type": "github"
      }
    },
    "nixpkgs-stable": {
      "locked": {
        "lastModified": 1774244481,
        "narHash": "sha256-4XfMXU0DjN83o6HWZoKG9PegCvKvIhNUnRUI19vzTcQ=",
        "owner": "NixOS",
        "repo": "nixpkgs",
        "rev": "4590696c8693fea477850fe379a01544293ca4e2",
        "type": "github"
      },
      "original": {
        "owner": "NixOS",
        "ref": "nixos-25.11",
        "repo": "nixpkgs",
        "type": "github"
      }
    },
    "perfetto": {
      "flake": false,
      "locked": {
        "lastModified": 1763055008,
        "narHash": "sha256-JuE3JBKAKxbxEgAA3u6w6jVtSCkzXT7yOIFeRAZIWbw=",
        "owner": "google",
        "repo": "perfetto",
        "rev": "095212bb61d191cdce3fde2ead11d6b64ee4381d",
        "type": "github"
      },
      "original": {
        "owner": "google",
        "ref": "v53.0",
        "repo": "perfetto",
        "type": "github"
      }
    },
    "proxy": {
      "flake": false,
      "locked": {
        "lastModified": 1769678507,
        "narHash": "sha256-kcCyHsUtnfKljdF/bO1d7LpLQ5uUqO3b+PMVMPuL5ig=",
        "owner": "microsoft",
        "repo": "proxy",
        "rev": "dc3d95c763ec04b0b2821addd643b024b07cd1c9",
        "type": "github"
      },
      "original": {
        "owner": "microsoft",
        "repo": "proxy",
        "type": "github"
      }
    },
    "root": {
      "inputs": {
        "devenv": "devenv",
        "idxd-config": "idxd-config",
        "nixpkgs": "nixpkgs",
        "nixpkgs-stable": "nixpkgs-stable",
        "perfetto": "perfetto",
        "proxy": "proxy",
        "stdexec": "stdexec",
        "tomlplusplus": "tomlplusplus"
      }
    },
    "stdexec": {
      "flake": false,
      "locked": {
        "lastModified": 1774212616,
        "narHash": "sha256-flu5yVVGmnJrKUchszsTRhIFvOL7XcGqYKUWThCZILI=",
        "owner": "nvidia",
        "repo": "stdexec",
        "rev": "752f4ceb06f992c52f0dad32f8cd0a07d7ff6b31",
        "type": "github"
      },
      "original": {
        "owner": "nvidia",
        "repo": "stdexec",
        "type": "github"
      }
    },
    "tomlplusplus": {
      "flake": false,
      "locked": {
        "lastModified": 1774280031,
        "narHash": "sha256-pDSjB1fpRRnetlfr5NKEk4Kix+hul+NuMQE+/3Tix8o=",
        "owner": "marzer",
        "repo": "tomlplusplus",
        "rev": "1c8b7466e4946fcc3bf20484c0e1d001202cca5a",
        "type": "github"
      },
      "original": {
        "owner": "marzer",
        "repo": "tomlplusplus",
        "type": "github"
      }
    }
  },
  "root": "root",
  "version": 7
}